github.com/google/uuid v1.6.0 h1:NIvaJDMOsjHA8n1jAhLSgzrAzy1Hgr+hNrb57e+94F0=
github.com/google/uuid v1.6.0/go.mod h1:TIyPZe4MgqvfeYDBFedMoGGpEw/LqOeaOT+nhxU+yHo=
github.com/nativebpm/httpstream v0.0.1 h1:i7p2+rXNA1cxrDJ23h3HUOIjcg7nA9S2esgO/ZMww8Q=
github.com/nativebpm/httpstream v0.0.1/go.mod h1:mFCvnQu5iZ7/oMLG84W9o5ziI6X3UUejUiJBuQt1zCM=
