github.com/google/uuid v1.4.0 h1:MtMxsa51/r9yyhkyLsVeVt0B+BGQZzpQiTQ4eHZ8bc4=
github.com/google/uuid v1.4.0/go.mod h1:TIyPZe4MgqvfeYDBFedMoGGpEw/LqOeaOT+nhxU+yHo=
github.com/nativebpm/connectors/httpclient v0.1.1 h1:5JxQ+LjKq2n/U1NerBG0kyH2CEp2/M3pTWK6/dFM2Wo=
github.com/nativebpm/connectors/httpclient v0.1.1/go.mod h1:Two9T6JfOi12HHIZClriB6v/I8SPbvo91G2+TLYEMcA=
